{
  "name": "walk-cycle",
  "version": "0.1.0",
  "lockfileVersion": 3,
  "requires": true,
  "packages": {
    "": {
      "name": "walk-cycle",
      "version": "0.1.0",
      "license": "ISC",
      "dependencies": {
        "chart.js": "^4.4.4",
        "idb": "^8.0.0"
      },
      "devDependencies": {
        "@eslint/js": "^10.0.1",
        "@stylistic/eslint-plugin": "^5.10.0",
        "@vitest/coverage-v8": "^5.0.0",
        "eslint": "^10.10.0",
        "fake-indexeddb": "^6.2.5",
        "globals": "^17.12.0",
        "jsdom": "^30.0.1",
        "vite": "^8.2.2",
        "vite-plugin-pwa": "^1.3.0",
        "vitest": "^5.0.0"
      }
    },
    "node_modules/@eslint/js": {
      "version": "10.0.1",
      "resolved": "https://registry.npmjs.org/@eslint/js/-/js-10.0.1.tgz",
      "integrity": "sha512-fZR8ZQ8L2lc0hXvvTx0sJbKPxjZHX6LHYOHJBR49vvHwU6+t1gTNfAOH7T6F8CjFdKDQbLF5nZwMXEqbfPmwg==",
      "dev": true,
      "engines": {
        "node": "^18.18.0 || ^20.9.0 || >=21.1.0"
      }
    },
    "node_modules/@stylistic/eslint-plugin": {
      "version": "5.10.0",
      "resolved": "https://registry.npmjs.org/@stylistic/eslint-plugin/-/eslint-plugin-5.10.0.tgz",
      "integrity": "sha512-nHPmr8yvyWNqKaqr9oFfMDVLsLt/BkjJkGKJ/mXRh8h0U4HNAYBvx/7vdMX8B5AwgQF6YE1OqZHxm8u0KeJNg==",
      "dev": true,
      "peerDependencies": {
        "eslint": ">=8.44.0"
      }
    },
    "node_modules/@vitest/coverage-v8": {
      "version": "5.0.0",
      "resolved": "https://registry.npmjs.org/@vitest/coverage-v8/-/coverage-v8-5.0.0.tgz",
      "integrity": "sha512-OYzafkHgkLHg1L6UWHrKT1/2P24DMZQ7xCcmh1WCAAXQH7RqX7q3y8DxAzfOBEzPPVLDKvmhXF6/+mNVSdJVg==",
      "dev": true,
      "peerDependencies": {
        "vitest": "5.0.0"
      }
    },
    "node_modules/chart.js": {
      "version": "4.4.4",
      "resolved": "https://registry.npmjs.org/chart.js/-/chart.js-4.4.4.tgz",
      "integrity": "sha512-LUyJUkO/3pFQkNc/nNaHLkVkJPp+3ql/BPvvhH0E8C8BLnfg2vJRFGEhmxfWvItCLLH6/JH1Y5bVN4bPKoFdA=="
    },
    "node_modules/eslint": {
      "version": "10.10.0",
      "resolved": "https://registry.npmjs.org/eslint/-/eslint-10.10.0.tgz",
      "integrity": "sha512-DdvNQg1dSmfqHTcH+VNmRTp1p2mK8kXQoX8z/8yQrVh8dBskq2O0j5vvAY7uK6EWMoLKJqxvKOC2TnwxI8X8g==",
      "dev": true,
      "engines": {
        "node": "^18.18.0 || ^20.9.0 || >=21.1.0"
      }
    },
    "node_modules/fake-indexeddb": {
      "version": "6.2.5",
      "resolved": "https://registry.npmjs.org/fake-indexeddb/-/fake-indexeddb-6.2.5.tgz",
      "integrity": "sha512-tDpOWlH5dEGqBvzf38a6VGjN6p1K7GKvMFO8LJVWQXHH2z4RbTL1tQPLmNgcG7VqHRLqELM6ow+8plBvUXaWMA==",
      "dev": true
    },
    "node_modules/globals": {
      "version": "17.12.0",
      "resolved": "https://registry.npmjs.org/globals/-/globals-17.12.0.tgz",
      "integrity": "sha512-gNlPkqMq1s1BbP0xdM8AeFMKVhvC8kj0K9WhW+W9bVYKV5QEKfQGMHI7kFZGhBIqm7Q4OuInPD4PpO8c7p0tgg==",
      "dev": true,
      "engines": {
        "node": ">=18.18.0"
      }
    },
    "node_modules/idb": {
      "version": "8.0.0",
      "resolved": "https://registry.npmjs.org/idb/-/idb-8.0.0.tgz",
      "integrity": "sha512-F4Sg4FyX21N3qJwjGhTRUVY5fWuLhY0xNaHvYg1nnbJRq+vJO2V8SaMGgZIiYWFG0PfCqTVmN3u9EAyVfBJ+jg=="
    },
    "node_modules/jsdom": {
      "version": "30.0.1",
      "resolved": "https://registry.npmjs.org/jsdom/-/jsdom-30.0.1.tgz",
      "integrity": "sha512-nLKt1v8BKdqLSXhfwn8RrwakOHcGk8tGbT6eVvZQbBDZQ7OE8ybIKA/PHrBQs3zMD3gZcZb1zZKjjBn6gXBMg==",
      "dev": true,
      "engines": {
        "node": ">=18.12.0"
      }
    },
    "node_modules/vite": {
      "version": "8.2.2",
      "resolved": "https://registry.npmjs.org/vite/-/vite-8.2.2.tgz",
      "integrity": "sha512-O+e1j64K0E2k/bMLLOg79BsZVBMc9yaFswJKN/vG41Ky7e0ZD5+29w/2qUe82i7chN/m7S/0ao5MLj0220Adsg==",
      "dev": true,
      "engines": {
        "node": "^14.18.0 || >=16.0.0"
      }
    },
    "node_modules/vite-plugin-pwa": {
      "version": "1.3.0",
      "resolved": "https://registry.npmjs.org/vite-plugin-pwa/-/vite-plugin-pwa-1.3.0.tgz",
      "integrity": "sha512-RXp3F6ZLZH3a0q2n7UoKL96FKu+L9Sc3Gw3G+4D5KCPY9QwBU+W7XJvEZ9QYg5XSL/m6dPONqKM1MrTxc1e/w==",
      "dev": true,
      "peerDependencies": {
        "vite": "^3.0.0 || ^4.0.0 || ^5.0.0"
      }
    },
    "node_modules/vitest": {
      "version": "5.0.0",
      "resolved": "https://registry.npmjs.org/vitest/-/vitest-5.0.0.tgz",
      "integrity": "sha512-nJzWKDe8Cqf8dZgRf7qDmMpNl3UXDjYe2PQsWJNqzKRbKKpvEsO9c8YT0UPOhgKvE4OhLaLdPn+rLLYBuBT1g==",
      "dev": true,
      "peerDependencies": {
        "msw": "^2.0.0 || ^1.3.2",
        "playwright": ">=1.40.0",
        "vitest": "5.0.0"
      },
      "peerDependenciesMeta": {
        "msw": {
          "optional": true
        },
        "playwright": {
          "optional": true
        }
      }
    }
  }
}
